Microsoft Visual Studio Solution File, Format Version 8.00
Project("{8BC9CEB8-8B4A-11D0-8D11-00A0C91BC942}") = "main", "main.vcproj", "{FACFDE82-020A-4B83-A7DA-5CDB5CBF3F17}"
	ProjectSection(ProjectDependencies) = postProject
	EndProjectSection
EndProject
Global
	GlobalSection(SolutionConfiguration) = preSolution
		Debug = Debug
		Release = Release
	EndGlobalSection
	GlobalSection(ProjectConfiguration) = postSolution
		{FACFDE82-020A-4B83-A7DA-5CDB5CBF3F17}.Debug.ActiveCfg = Debug|Win32
		{FACFDE82-020A-4B83-A7DA-5CDB5CBF3F17}.Debug.Build.0 = Debug|Win32
		{FACFDE82-020A-4B83-A7DA-5CDB5CBF3F17}.Release.ActiveCfg = Release|Win32
		{FACFDE82-020A-4B83-A7DA-5CDB5CBF3F17}.Release.Build.0 = Release|Win32
	EndGlobalSection
	GlobalSection(SolutionItems) = postSolution
		main.vsd = main.vsd
	EndGlobalSection
	GlobalSection(ExtensibilityGlobals) = postSolution
	EndGlobalSection
	GlobalSection(ExtensibilityAddIns) = postSolution
	EndGlobalSection
EndGlobal
